
Microsoft Visual Studio Solution File, Format Version 12.00
# Visual Studio Version 18
VisualStudioVersion = 18.4.11626.88 stable
MinimumVisualStudioVersion = 10.0.40219.1
Project("{FAE04EC0-301F-11D3-BF4B-00C04F79EFBC}") = "CPSC321_A06_MC", "CPSC321_A03_MC\CPSC321_A06_MC.csproj", "{C31C86F6-0815-4246-B67B-F10D624F24B3}"
EndProject
Global
	GlobalSection(SolutionConfigurationPlatforms) = preSolution
		Debug|Any CPU = Debug|Any CPU
		Release|Any CPU = Release|Any CPU
	EndGlobalSection
	GlobalSection(ProjectConfigurationPlatforms) = postSolution
		{C31C86F6-0815-4246-B67B-F10D624F24B3}.Debug|Any CPU.ActiveCfg = Debug|Any CPU
		{C31C86F6-0815-4246-B67B-F10D624F24B3}.Debug|Any CPU.Build.0 = Debug|Any CPU
		{C31C86F6-0815-4246-B67B-F10D624F24B3}.Release|Any CPU.ActiveCfg = Release|Any CPU
		{C31C86F6-0815-4246-B67B-F10D624F24B3}.Release|Any CPU.Build.0 = Release|Any CPU
	EndGlobalSection
	GlobalSection(SolutionProperties) = preSolution
		HideSolutionNode = FALSE
	EndGlobalSection
	GlobalSection(ExtensibilityGlobals) = postSolution
		SolutionGuid = {329652CA-9970-45A3-9D72-7022A8F3A2EA}
	EndGlobalSection
EndGlobal
